
Microsoft Visual Studio Solution File, Format Version 12.00
# Visual Studio Version 17
VisualStudioVersion = 17.8.34330.188
MinimumVisualStudioVersion = 10.0.40219.1
Project("{FAE04EC0-301F-11D3-BF4B-00C04F79EFBC}") = "WebApplication2", "WebApplication2\WebApplication2.csproj", "{50620ABF-86FB-44D9-BC7B-1692B0ACC010}"
EndProject
Global
	GlobalSection(SolutionConfigurationPlatforms) = preSolution
		Debug|Any CPU = Debug|Any CPU
		Release|Any CPU = Release|Any CPU
	EndGlobalSection
	GlobalSection(ProjectConfigurationPlatforms) = postSolution
		{50620ABF-86FB-44D9-BC7B-1692B0ACC010}.Debug|Any CPU.ActiveCfg = Debug|Any CPU
		{50620ABF-86FB-44D9-BC7B-1692B0ACC010}.Debug|Any CPU.Build.0 = Debug|Any CPU
		{50620ABF-86FB-44D9-BC7B-1692B0ACC010}.Release|Any CPU.ActiveCfg = Release|Any CPU
		{50620ABF-86FB-44D9-BC7B-1692B0ACC010}.Release|Any CPU.Build.0 = Release|Any CPU
	EndGlobalSection
	GlobalSection(SolutionProperties) = preSolution
		HideSolutionNode = FALSE
	EndGlobalSection
	GlobalSection(ExtensibilityGlobals) = postSolution
		SolutionGuid = {41129EF6-85AB-4959-B4E8-429FA01C3A9E}
	EndGlobalSection
EndGlobal
